
Microsoft Visual Studio Solution File, Format Version 12.00
# Visual Studio Version 17
VisualStudioVersion = 17.12.35707.178
MinimumVisualStudioVersion = 10.0.40219.1
Project("{FAE04EC0-301F-11D3-BF4B-00C04F79EFBC}") = "Ambev.DeveloperEvaluation.WebAPI", "ambevAPI\Ambev.DeveloperEvaluation.WebAPI.csproj", "{7A29927B-4A3B-4C8D-9D31-DAB3C233D971}"
EndProject
Project("{2150E333-8FDC-42A3-9474-1A3956D46DE8}") = "Adapters", "Adapters", "{D6208229-9AFB-44D1-9458-3A18D7E01F14}"
EndProject
Project("{2150E333-8FDC-42A3-9474-1A3956D46DE8}") = "Driven", "Driven", "{4C88EC04-2061-4915-B793-A5796739C2E9}"
EndProject
Project("{2150E333-8FDC-42A3-9474-1A3956D46DE8}") = "Infrastructure", "Infrastructure", "{3CE6FF23-B6A3-4621-9189-5CB8C444E443}"
EndProject
Project("{FAE04EC0-301F-11D3-BF4B-00C04F79EFBC}") = "Ambev.DeveloperEvaluation.ORM", "Ambev.DeveloperEvaluation.ORM\Ambev.DeveloperEvaluation.ORM.csproj", "{C90BDB51-7335-4E26-A3CB-B691DEC5A36D}"
EndProject
Project("{2150E333-8FDC-42A3-9474-1A3956D46DE8}") = "Drivers", "Drivers", "{B485583D-2158-451F-B0CC-3A0CEF04FC4C}"
EndProject
Project("{2150E333-8FDC-42A3-9474-1A3956D46DE8}") = "Core", "Core", "{36310C65-981B-4FAA-9B19-AB26A6B73E24}"
EndProject
Project("{2150E333-8FDC-42A3-9474-1A3956D46DE8}") = "Crosscutting", "Crosscutting", "{9F93D3DB-AB74-403C-BB05-D299CB5E0526}"
EndProject
Project("{2150E333-8FDC-42A3-9474-1A3956D46DE8}") = "Solution Items", "Solution Items", "{6327B0F4-2A37-4025-AEC1-81DE6299861F}"
EndProject
Project("{2150E333-8FDC-42A3-9474-1A3956D46DE8}") = "Tests", "Tests", "{2421333E-2F49-4E02-826C-00537F8C52D5}"
EndProject
Project("{2150E333-8FDC-42A3-9474-1A3956D46DE8}") = "Unit", "Unit", "{FE25487F-50B6-4FBA-87CF-404D21C9F38A}"
EndProject
Project("{2150E333-8FDC-42A3-9474-1A3956D46DE8}") = "Integration", "Integration", "{D21E0152-E93B-48A6-A151-8451E5E5FB82}"
EndProject
Project("{FAE04EC0-301F-11D3-BF4B-00C04F79EFBC}") = "Tests1", "Tests1\Tests1.csproj", "{B96A5D5F-C441-474F-97F6-B21464AA9DB5}"
EndProject
Project("{2150E333-8FDC-42A3-9474-1A3956D46DE8}") = "Application", "Application", "{04FF6535-FC9B-4709-930A-4B34CEA942FA}"
EndProject
Project("{2150E333-8FDC-42A3-9474-1A3956D46DE8}") = "Domain", "Domain", "{6F346F1A-6A8E-44B0-9E52-8A3B3A866C25}"
EndProject
Project("{FAE04EC0-301F-11D3-BF4B-00C04F79EFBC}") = "Ambev.DeveloperEvaluation.Application", "Ambev.DeveloperEvaluation.Application\Ambev.DeveloperEvaluation.Application.csproj", "{8D7C294C-7EED-4367-BD2F-294D0755DE9C}"
EndProject
Project("{FAE04EC0-301F-11D3-BF4B-00C04F79EFBC}") = "Ambev.DeveloperEvaluation.Domain", "Ambev.DeveloperEvaluation.Domain\Ambev.DeveloperEvaluation.Domain.csproj", "{2F0E3CE9-1984-415C-9C99-755FACF4B5FC}"
EndProject
Project("{FAE04EC0-301F-11D3-BF4B-00C04F79EFBC}") = "Ambev.DeveloperEvaluation.Common", "Ambev.DeveloperEvaluation.Common\Ambev.DeveloperEvaluation.Common.csproj", "{51AE6AF9-3738-448C-94B7-2E59D2F80C11}"
EndProject
Global
	GlobalSection(SolutionConfigurationPlatforms) = preSolution
		Debug|Any CPU = Debug|Any CPU
		Release|Any CPU = Release|Any CPU
	EndGlobalSection
	GlobalSection(ProjectConfigurationPlatforms) = postSolution
		{7A29927B-4A3B-4C8D-9D31-DAB3C233D971}.Debug|Any CPU.ActiveCfg = Debug|Any CPU
		{7A29927B-4A3B-4C8D-9D31-DAB3C233D971}.Debug|Any CPU.Build.0 = Debug|Any CPU
		{7A29927B-4A3B-4C8D-9D31-DAB3C233D971}.Release|Any CPU.ActiveCfg = Release|Any CPU
		{7A29927B-4A3B-4C8D-9D31-DAB3C233D971}.Release|Any CPU.Build.0 = Release|Any CPU
		{C90BDB51-7335-4E26-A3CB-B691DEC5A36D}.Debug|Any CPU.ActiveCfg = Debug|Any CPU
		{C90BDB51-7335-4E26-A3CB-B691DEC5A36D}.Debug|Any CPU.Build.0 = Debug|Any CPU
		{C90BDB51-7335-4E26-A3CB-B691DEC5A36D}.Release|Any CPU.ActiveCfg = Release|Any CPU
		{C90BDB51-7335-4E26-A3CB-B691DEC5A36D}.Release|Any CPU.Build.0 = Release|Any CPU
		{B96A5D5F-C441-474F-97F6-B21464AA9DB5}.Debug|Any CPU.ActiveCfg = Debug|Any CPU
		{B96A5D5F-C441-474F-97F6-B21464AA9DB5}.Debug|Any CPU.Build.0 = Debug|Any CPU
		{B96A5D5F-C441-474F-97F6-B21464AA9DB5}.Release|Any CPU.ActiveCfg = Release|Any CPU
		{B96A5D5F-C441-474F-97F6-B21464AA9DB5}.Release|Any CPU.Build.0 = Release|Any CPU
		{8D7C294C-7EED-4367-BD2F-294D0755DE9C}.Debug|Any CPU.ActiveCfg = Debug|Any CPU
		{8D7C294C-7EED-4367-BD2F-294D0755DE9C}.Debug|Any CPU.Build.0 = Debug|Any CPU
		{8D7C294C-7EED-4367-BD2F-294D0755DE9C}.Release|Any CPU.ActiveCfg = Release|Any CPU
		{8D7C294C-7EED-4367-BD2F-294D0755DE9C}.Release|Any CPU.Build.0 = Release|Any CPU
		{2F0E3CE9-1984-415C-9C99-755FACF4B5FC}.Debug|Any CPU.ActiveCfg = Debug|Any CPU
		{2F0E3CE9-1984-415C-9C99-755FACF4B5FC}.Debug|Any CPU.Build.0 = Debug|Any CPU
		{2F0E3CE9-1984-415C-9C99-755FACF4B5FC}.Release|Any CPU.ActiveCfg = Release|Any CPU
		{2F0E3CE9-1984-415C-9C99-755FACF4B5FC}.Release|Any CPU.Build.0 = Release|Any CPU
		{51AE6AF9-3738-448C-94B7-2E59D2F80C11}.Debug|Any CPU.ActiveCfg = Debug|Any CPU
		{51AE6AF9-3738-448C-94B7-2E59D2F80C11}.Debug|Any CPU.Build.0 = Debug|Any CPU
		{51AE6AF9-3738-448C-94B7-2E59D2F80C11}.Release|Any CPU.ActiveCfg = Release|Any CPU
		{51AE6AF9-3738-448C-94B7-2E59D2F80C11}.Release|Any CPU.Build.0 = Release|Any CPU
	EndGlobalSection
	GlobalSection(SolutionProperties) = preSolution
		HideSolutionNode = FALSE
	EndGlobalSection
	GlobalSection(NestedProjects) = preSolution
		{7A29927B-4A3B-4C8D-9D31-DAB3C233D971} = {B485583D-2158-451F-B0CC-3A0CEF04FC4C}
		{4C88EC04-2061-4915-B793-A5796739C2E9} = {D6208229-9AFB-44D1-9458-3A18D7E01F14}
		{3CE6FF23-B6A3-4621-9189-5CB8C444E443} = {4C88EC04-2061-4915-B793-A5796739C2E9}
		{C90BDB51-7335-4E26-A3CB-B691DEC5A36D} = {3CE6FF23-B6A3-4621-9189-5CB8C444E443}
		{B485583D-2158-451F-B0CC-3A0CEF04FC4C} = {D6208229-9AFB-44D1-9458-3A18D7E01F14}
		{FE25487F-50B6-4FBA-87CF-404D21C9F38A} = {2421333E-2F49-4E02-826C-00537F8C52D5}
		{D21E0152-E93B-48A6-A151-8451E5E5FB82} = {2421333E-2F49-4E02-826C-00537F8C52D5}
		{B96A5D5F-C441-474F-97F6-B21464AA9DB5} = {FE25487F-50B6-4FBA-87CF-404D21C9F38A}
		{04FF6535-FC9B-4709-930A-4B34CEA942FA} = {36310C65-981B-4FAA-9B19-AB26A6B73E24}
		{6F346F1A-6A8E-44B0-9E52-8A3B3A866C25} = {36310C65-981B-4FAA-9B19-AB26A6B73E24}
		{8D7C294C-7EED-4367-BD2F-294D0755DE9C} = {04FF6535-FC9B-4709-930A-4B34CEA942FA}
		{2F0E3CE9-1984-415C-9C99-755FACF4B5FC} = {6F346F1A-6A8E-44B0-9E52-8A3B3A866C25}
		{51AE6AF9-3738-448C-94B7-2E59D2F80C11} = {9F93D3DB-AB74-403C-BB05-D299CB5E0526}
	EndGlobalSection
EndGlobal
